// !$*UTF8*$!
{
	archiveVersion = 1;
	classes = {
	};
	objectVersion = 50;
	objects = {

/* Begin PBXBuildFile section */
		62D6373323DE67C6002989D7 /* AppDelegate.swift in Sources */ = {isa = PBXBuildFile; fileRef = 62D6373223DE67C6002989D7 /* AppDelegate.swift */; };
		62D6373523DE67C6002989D7 /* SceneDelegate.swift in Sources */ = {isa = PBXBuildFile; fileRef = 62D6373423DE67C6002989D7 /* SceneDelegate.swift */; };
		62D6373723DE67C6002989D7 /* LoginViewController.swift in Sources */ = {isa = PBXBuildFile; fileRef = 62D6373623DE67C6002989D7 /* LoginViewController.swift */; };
		62D6373A23DE67C6002989D7 /* Main.storyboard in Resources */ = {isa = PBXBuildFile; fileRef = 62D6373823DE67C6002989D7 /* Main.storyboard */; };
		62D6373C23DE67C7002989D7 /* Assets.xcassets in Resources */ = {isa = PBXBuildFile; fileRef = 62D6373B23DE67C7002989D7 /* Assets.xcassets */; };
		62D6373F23DE67C7002989D7 /* LaunchScreen.storyboard in Resources */ = {isa = PBXBuildFile; fileRef = 62D6373D23DE67C7002989D7 /* LaunchScreen.storyboard */; };
		62D6374B23DE6A61002989D7 /* MapViewController.swift in Sources */ = {isa = PBXBuildFile; fileRef = 62D6374A23DE6A61002989D7 /* MapViewController.swift */; };
		A902B14223DE7F5C00DEE204 /* MapViewModel.swift in Sources */ = {isa = PBXBuildFile; fileRef = A902B14123DE7F5C00DEE204 /* MapViewModel.swift */; };
		A902B14423DE7FF200DEE204 /* ListTableViewController.swift in Sources */ = {isa = PBXBuildFile; fileRef = A902B14323DE7FF200DEE204 /* ListTableViewController.swift */; };
		A902B14623DE900300DEE204 /* Student.swift in Sources */ = {isa = PBXBuildFile; fileRef = A902B14523DE900300DEE204 /* Student.swift */; };
		A902B14823DE929A00DEE204 /* TabBarViewController.swift in Sources */ = {isa = PBXBuildFile; fileRef = A902B14723DE929A00DEE204 /* TabBarViewController.swift */; };
		A902B14B23DEE8E000DEE204 /* MapService.swift in Sources */ = {isa = PBXBuildFile; fileRef = A902B14A23DEE8E000DEE204 /* MapService.swift */; };
		A902B14D23DFAB4000DEE204 /* RequestLogin.swift in Sources */ = {isa = PBXBuildFile; fileRef = A902B14C23DFAB4000DEE204 /* RequestLogin.swift */; };
		A902B14F23DFB32200DEE204 /* RequestLoginResponse.swift in Sources */ = {isa = PBXBuildFile; fileRef = A902B14E23DFB32200DEE204 /* RequestLoginResponse.swift */; };
		A902B15123DFB40E00DEE204 /* LoginViewModel.swift in Sources */ = {isa = PBXBuildFile; fileRef = A902B15023DFB40E00DEE204 /* LoginViewModel.swift */; };
		A902B15323DFECBD00DEE204 /* AddLocationViewController.swift in Sources */ = {isa = PBXBuildFile; fileRef = A902B15223DFECBD00DEE204 /* AddLocationViewController.swift */; };
		A902B15523DFFF3A00DEE204 /* UserDataResponse.swift in Sources */ = {isa = PBXBuildFile; fileRef = A902B15423DFFF3A00DEE204 /* UserDataResponse.swift */; };
		E427D2B423DF40DD001B53CA /* SendUserLocationRequest.swift in Sources */ = {isa = PBXBuildFile; fileRef = E427D2B323DF40DD001B53CA /* SendUserLocationRequest.swift */; };
		E427D2B623DF4501001B53CA /* SendUserLocationResponse.swift in Sources */ = {isa = PBXBuildFile; fileRef = E427D2B523DF4501001B53CA /* SendUserLocationResponse.swift */; };
		E427D2B823DF46AC001B53CA /* LoginService.swift in Sources */ = {isa = PBXBuildFile; fileRef = E427D2B723DF46AC001B53CA /* LoginService.swift */; };
/* End PBXBuildFile section */

/* Begin PBXFileReference section */
		62D6372F23DE67C6002989D7 /* OnTheMap.app */ = {isa = PBXFileReference; explicitFileType = wrapper.application; includeInIndex = 0; path = OnTheMap.app; sourceTree = BUILT_PRODUCTS_DIR; };
		62D6373223DE67C6002989D7 /* AppDelegate.swift */ = {isa = PBXFileReference; lastKnownFileType = sourcecode.swift; path = AppDelegate.swift; sourceTree = "<group>"; };
		62D6373423DE67C6002989D7 /* SceneDelegate.swift */ = {isa = PBXFileReference; lastKnownFileType = sourcecode.swift; path = SceneDelegate.swift; sourceTree = "<group>"; };
		62D6373623DE67C6002989D7 /* LoginViewController.swift */ = {isa = PBXFileReference; lastKnownFileType = sourcecode.swift; path = LoginViewController.swift; sourceTree = "<group>"; };
		62D6373923DE67C6002989D7 /* Base */ = {isa = PBXFileReference; lastKnownFileType = file.storyboard; name = Base; path = Base.lproj/Main.storyboard; sourceTree = "<group>"; };
		62D6373B23DE67C7002989D7 /* Assets.xcassets */ = {isa = PBXFileReference; lastKnownFileType = folder.assetcatalog; path = Assets.xcassets; sourceTree = "<group>"; };
		62D6373E23DE67C7002989D7 /* Base */ = {isa = PBXFileReference; lastKnownFileType = file.storyboard; name = Base; path = Base.lproj/LaunchScreen.storyboard; sourceTree = "<group>"; };
		62D6374023DE67C7002989D7 /* Info.plist */ = {isa = PBXFileReference; lastKnownFileType = text.plist.xml; path = Info.plist; sourceTree = "<group>"; };
		62D6374A23DE6A61002989D7 /* MapViewController.swift */ = {isa = PBXFileReference; lastKnownFileType = sourcecode.swift; path = MapViewController.swift; sourceTree = "<group>"; };
		A902B14123DE7F5C00DEE204 /* MapViewModel.swift */ = {isa = PBXFileReference; lastKnownFileType = sourcecode.swift; path = MapViewModel.swift; sourceTree = "<group>"; };
		A902B14323DE7FF200DEE204 /* ListTableViewController.swift */ = {isa = PBXFileReference; lastKnownFileType = sourcecode.swift; path = ListTableViewController.swift; sourceTree = "<group>"; };
		A902B14523DE900300DEE204 /* Student.swift */ = {isa = PBXFileReference; lastKnownFileType = sourcecode.swift; path = Student.swift; sourceTree = "<group>"; };
		A902B14723DE929A00DEE204 /* TabBarViewController.swift */ = {isa = PBXFileReference; lastKnownFileType = sourcecode.swift; path = TabBarViewController.swift; sourceTree = "<group>"; };
		A902B14A23DEE8E000DEE204 /* MapService.swift */ = {isa = PBXFileReference; lastKnownFileType = sourcecode.swift; path = MapService.swift; sourceTree = "<group>"; };
		A902B14C23DFAB4000DEE204 /* RequestLogin.swift */ = {isa = PBXFileReference; lastKnownFileType = sourcecode.swift; path = RequestLogin.swift; sourceTree = "<group>"; };
		A902B14E23DFB32200DEE204 /* RequestLoginResponse.swift */ = {isa = PBXFileReference; lastKnownFileType = sourcecode.swift; path = RequestLoginResponse.swift; sourceTree = "<group>"; };
		A902B15023DFB40E00DEE204 /* LoginViewModel.swift */ = {isa = PBXFileReference; lastKnownFileType = sourcecode.swift; path = LoginViewModel.swift; sourceTree = "<group>"; };
		A902B15223DFECBD00DEE204 /* AddLocationViewController.swift */ = {isa = PBXFileReference; lastKnownFileType = sourcecode.swift; path = AddLocationViewController.swift; sourceTree = "<group>"; };
		A902B15423DFFF3A00DEE204 /* UserDataResponse.swift */ = {isa = PBXFileReference; lastKnownFileType = sourcecode.swift; path = UserDataResponse.swift; sourceTree = "<group>"; };
		E427D2B323DF40DD001B53CA /* SendUserLocationRequest.swift */ = {isa = PBXFileReference; lastKnownFileType = sourcecode.swift; path = SendUserLocationRequest.swift; sourceTree = "<group>"; };
		E427D2B523DF4501001B53CA /* SendUserLocationResponse.swift */ = {isa = PBXFileReference; lastKnownFileType = sourcecode.swift; path = SendUserLocationResponse.swift; sourceTree = "<group>"; };
		E427D2B723DF46AC001B53CA /* LoginService.swift */ = {isa = PBXFileReference; lastKnownFileType = sourcecode.swift; path = LoginService.swift; sourceTree = "<group>"; };
/* End PBXFileReference section */

/* Begin PBXFrameworksBuildPhase section */
		62D6372C23DE67C6002989D7 /* Frameworks */ = {
			isa = PBXFrameworksBuildPhase;
			buildActionMask = 2147483647;
			files = (
			);
			runOnlyForDeploymentPostprocessing = 0;
		};
/* End PBXFrameworksBuildPhase section */

/* Begin PBXGroup section */
		62D6372623DE67C6002989D7 = {
			isa = PBXGroup;
			children = (
				62D6373123DE67C6002989D7 /* OnTheMap */,
				62D6373023DE67C6002989D7 /* Products */,
			);
			sourceTree = "<group>";
		};
		62D6373023DE67C6002989D7 /* Products */ = {
			isa = PBXGroup;
			children = (
				62D6372F23DE67C6002989D7 /* OnTheMap.app */,
			);
			name = Products;
			sourceTree = "<group>";
		};
		62D6373123DE67C6002989D7 /* OnTheMap */ = {
			isa = PBXGroup;
			children = (
				62D6374923DE67EF002989D7 /* Supporting Files */,
				A902B14923DEE8AD00DEE204 /* Service */,
				62D6374823DE67E8002989D7 /* Model */,
				62D6374623DE67D5002989D7 /* View */,
				A902B14023DE7F2A00DEE204 /* ViewModel */,
				62D6374723DE67E0002989D7 /* Controller */,
				62D6373223DE67C6002989D7 /* AppDelegate.swift */,
				62D6373423DE67C6002989D7 /* SceneDelegate.swift */,
			);
			path = OnTheMap;
			sourceTree = "<group>";
		};
		62D6374623DE67D5002989D7 /* View */ = {
			isa = PBXGroup;
			children = (
				62D6373D23DE67C7002989D7 /* LaunchScreen.storyboard */,
				62D6373823DE67C6002989D7 /* Main.storyboard */,
			);
			path = View;
			sourceTree = "<group>";
		};
		62D6374723DE67E0002989D7 /* Controller */ = {
			isa = PBXGroup;
			children = (
				62D6373623DE67C6002989D7 /* LoginViewController.swift */,
				62D6374A23DE6A61002989D7 /* MapViewController.swift */,
				A902B14323DE7FF200DEE204 /* ListTableViewController.swift */,
				A902B14723DE929A00DEE204 /* TabBarViewController.swift */,
				A902B15223DFECBD00DEE204 /* AddLocationViewController.swift */,
			);
			path = Controller;
			sourceTree = "<group>";
		};
		62D6374823DE67E8002989D7 /* Model */ = {
			isa = PBXGroup;
			children = (
				A902B14523DE900300DEE204 /* Student.swift */,
			);
			path = Model;
			sourceTree = "<group>";
		};
		62D6374923DE67EF002989D7 /* Supporting Files */ = {
			isa = PBXGroup;
			children = (
				62D6374023DE67C7002989D7 /* Info.plist */,
				62D6373B23DE67C7002989D7 /* Assets.xcassets */,
			);
			path = "Supporting Files";
			sourceTree = "<group>";
		};
		A902B14023DE7F2A00DEE204 /* ViewModel */ = {
			isa = PBXGroup;
			children = (
				A902B14123DE7F5C00DEE204 /* MapViewModel.swift */,
				A902B15023DFB40E00DEE204 /* LoginViewModel.swift */,
			);
			path = ViewModel;
			sourceTree = "<group>";
		};
		A902B14923DEE8AD00DEE204 /* Service */ = {
			isa = PBXGroup;
			children = (
				E427D2B223DF40CC001B53CA /* Model */,
				A902B14A23DEE8E000DEE204 /* MapService.swift */,
				E427D2B723DF46AC001B53CA /* LoginService.swift */,
			);
			path = Service;
			sourceTree = "<group>";
		};
		E427D2B223DF40CC001B53CA /* Model */ = {
			isa = PBXGroup;
			children = (
				E427D2B323DF40DD001B53CA /* SendUserLocationRequest.swift */,
				E427D2B523DF4501001B53CA /* SendUserLocationResponse.swift */,
				A902B14C23DFAB4000DEE204 /* RequestLogin.swift */,
				A902B14E23DFB32200DEE204 /* RequestLoginResponse.swift */,
				A902B15423DFFF3A00DEE204 /* UserDataResponse.swift */,
			);
			path = Model;
			sourceTree = "<group>";
		};
/* End PBXGroup section */

/* Begin PBXNativeTarget section */
		62D6372E23DE67C6002989D7 /* OnTheMap */ = {
			isa = PBXNativeTarget;
			buildConfigurationList = 62D6374323DE67C7002989D7 /* Build configuration list for PBXNativeTarget "OnTheMap" */;
			buildPhases = (
				62D6372B23DE67C6002989D7 /* Sources */,
				62D6372C23DE67C6002989D7 /* Frameworks */,
				62D6372D23DE67C6002989D7 /* Resources */,
			);
			buildRules = (
			);
			dependencies = (
			);
			name = OnTheMap;
			productName = OnTheMap;
			productReference = 62D6372F23DE67C6002989D7 /* OnTheMap.app */;
			productType = "com.apple.product-type.application";
		};
/* End PBXNativeTarget section */

/* Begin PBXProject section */
		62D6372723DE67C6002989D7 /* Project object */ = {
			isa = PBXProject;
			attributes = {
				LastSwiftUpdateCheck = 1130;
				LastUpgradeCheck = 1130;
				ORGANIZATIONNAME = "Wladmir ";
				TargetAttributes = {
					62D6372E23DE67C6002989D7 = {
						CreatedOnToolsVersion = 11.3;
					};
				};
			};
			buildConfigurationList = 62D6372A23DE67C6002989D7 /* Build configuration list for PBXProject "OnTheMap" */;
			compatibilityVersion = "Xcode 9.3";
			developmentRegion = en;
			hasScannedForEncodings = 0;
			knownRegions = (
				en,
				Base,
			);
			mainGroup = 62D6372623DE67C6002989D7;
			productRefGroup = 62D6373023DE67C6002989D7 /* Products */;
			projectDirPath = "";
			projectRoot = "";
			targets = (
				62D6372E23DE67C6002989D7 /* OnTheMap */,
			);
		};
/* End PBXProject section */

/* Begin PBXResourcesBuildPhase section */
		62D6372D23DE67C6002989D7 /* Resources */ = {
			isa = PBXResourcesBuildPhase;
			buildActionMask = 2147483647;
			files = (
				62D6373F23DE67C7002989D7 /* LaunchScreen.storyboard in Resources */,
				62D6373C23DE67C7002989D7 /* Assets.xcassets in Resources */,
				62D6373A23DE67C6002989D7 /* Main.storyboard in Resources */,
			);
			runOnlyForDeploymentPostprocessing = 0;
		};
/* End PBXResourcesBuildPhase section */

/* Begin PBXSourcesBuildPhase section */
		62D6372B23DE67C6002989D7 /* Sources */ = {
			isa = PBXSourcesBuildPhase;
			buildActionMask = 2147483647;
			files = (
				A902B14823DE929A00DEE204 /* TabBarViewController.swift in Sources */,
				E427D2B623DF4501001B53CA /* SendUserLocationResponse.swift in Sources */,
				62D6373723DE67C6002989D7 /* LoginViewController.swift in Sources */,
				A902B14223DE7F5C00DEE204 /* MapViewModel.swift in Sources */,
				62D6373323DE67C6002989D7 /* AppDelegate.swift in Sources */,
				A902B14423DE7FF200DEE204 /* ListTableViewController.swift in Sources */,
				62D6373523DE67C6002989D7 /* SceneDelegate.swift in Sources */,
				E427D2B823DF46AC001B53CA /* LoginService.swift in Sources */,
				A902B15123DFB40E00DEE204 /* LoginViewModel.swift in Sources */,
				A902B14F23DFB32200DEE204 /* RequestLoginResponse.swift in Sources */,
				A902B14623DE900300DEE204 /* Student.swift in Sources */,
				A902B15323DFECBD00DEE204 /* AddLocationViewController.swift in Sources */,
				62D6374B23DE6A61002989D7 /* MapViewController.swift in Sources */,
				A902B14D23DFAB4000DEE204 /* RequestLogin.swift in Sources */,
				A902B15523DFFF3A00DEE204 /* UserDataResponse.swift in Sources */,
				A902B14B23DEE8E000DEE204 /* MapService.swift in Sources */,
				E427D2B423DF40DD001B53CA /* SendUserLocationRequest.swift in Sources */,
			);
			runOnlyForDeploymentPostprocessing = 0;
		};
/* End PBXSourcesBuildPhase section */

/* Begin PBXVariantGroup section */
		62D6373823DE67C6002989D7 /* Main.storyboard */ = {
			isa = PBXVariantGroup;
			children = (
				62D6373923DE67C6002989D7 /* Base */,
			);
			name = Main.storyboard;
			sourceTree = "<group>";
		};
		62D6373D23DE67C7002989D7 /* LaunchScreen.storyboard */ = {
			isa = PBXVariantGroup;
			children = (
				62D6373E23DE67C7002989D7 /* Base */,
			);
			name = LaunchScreen.storyboard;
			sourceTree = "<group>";
		};
/* End PBXVariantGroup section */

/* Begin XCBuildConfiguration section */
		62D6374123DE67C7002989D7 /* Debug */ = {
			isa = XCBuildConfiguration;
			buildSettings = {
				ALWAYS_SEARCH_USER_PATHS = NO;
				CLANG_ANALYZER_NONNULL = YES;
				CLANG_ANALYZER_NUMBER_OBJECT_CONVERSION = YES_AGGRESSIVE;
				CLANG_CXX_LANGUAGE_STANDARD = "gnu++14";
				CLANG_CXX_LIBRARY = "libc++";
				CLANG_ENABLE_MODULES = YES;
				CLANG_ENABLE_OBJC_ARC = YES;
				CLANG_ENABLE_OBJC_WEAK = YES;
				CLANG_WARN_BLOCK_CAPTURE_AUTORELEASING = YES;
				CLANG_WARN_BOOL_CONVERSION = YES;
				CLANG_WARN_COMMA = YES;
				CLANG_WARN_CONSTANT_CONVERSION = YES;
				CLANG_WARN_DEPRECATED_OBJC_IMPLEMENTATIONS = YES;
				CLANG_WARN_DIRECT_OBJC_ISA_USAGE = YES_ERROR;
				CLANG_WARN_DOCUMENTATION_COMMENTS = YES;
				CLANG_WARN_EMPTY_BODY = YES;
				CLANG_WARN_ENUM_CONVERSION = YES;
				CLANG_WARN_INFINITE_RECURSION = YES;
				CLANG_WARN_INT_CONVERSION = YES;
				CLANG_WARN_NON_LITERAL_NULL_CONVERSION = YES;
				CLANG_WARN_OBJC_IMPLICIT_RETAIN_SELF = YES;
				CLANG_WARN_OBJC_LITERAL_CONVERSION = YES;
				CLANG_WARN_OBJC_ROOT_CLASS = YES_ERROR;
				CLANG_WARN_RANGE_LOOP_ANALYSIS = YES;
				CLANG_WARN_STRICT_PROTOTYPES = YES;
				CLANG_WARN_SUSPICIOUS_MOVE = YES;
				CLANG_WARN_UNGUARDED_AVAILABILITY = YES_AGGRESSIVE;
				CLANG_WARN_UNREACHABLE_CODE = YES;
				CLANG_WARN__DUPLICATE_METHOD_MATCH = YES;
				COPY_PHASE_STRIP = NO;
				DEBUG_INFORMATION_FORMAT = dwarf;
				ENABLE_STRICT_OBJC_MSGSEND = YES;
				ENABLE_TESTABILITY = YES;
				GCC_C_LANGUAGE_STANDARD = gnu11;
				GCC_DYNAMIC_NO_PIC = NO;
				GCC_NO_COMMON_BLOCKS = YES;
				GCC_OPTIMIZATION_LEVEL = 0;
				GCC_PREPROCESSOR_DEFINITIONS = (
					"DEBUG=1",
					"$(inherited)",
				);
				GCC_WARN_64_TO_32_BIT_CONVERSION = YES;
				GCC_WARN_ABOUT_RETURN_TYPE = YES_ERROR;
				GCC_WARN_UNDECLARED_SELECTOR = YES;
				GCC_WARN_UNINITIALIZED_AUTOS = YES_AGGRESSIVE;
				GCC_WARN_UNUSED_FUNCTION = YES;
				GCC_WARN_UNUSED_VARIABLE = YES;
				IPHONEOS_DEPLOYMENT_TARGET = 13.2;
				MTL_ENABLE_DEBUG_INFO = INCLUDE_SOURCE;
				MTL_FAST_MATH = YES;
				ONLY_ACTIVE_ARCH = YES;
				SDKROOT = iphoneos;
				SWIFT_ACTIVE_COMPILATION_CONDITIONS = DEBUG;
				SWIFT_OPTIMIZATION_LEVEL = "-Onone";
			};
			name = Debug;
		};
		62D6374223DE67C7002989D7 /* Release */ = {
			isa = XCBuildConfiguration;
			buildSettings = {
				ALWAYS_SEARCH_USER_PATHS = NO;
				CLANG_ANALYZER_NONNULL = YES;
				CLANG_ANALYZER_NUMBER_OBJECT_CONVERSION = YES_AGGRESSIVE;
				CLANG_CXX_LANGUAGE_STANDARD = "gnu++14";
				CLANG_CXX_LIBRARY = "libc++";
				CLANG_ENABLE_MODULES = YES;
				CLANG_ENABLE_OBJC_ARC = YES;
				CLANG_ENABLE_OBJC_WEAK = YES;
				CLANG_WARN_BLOCK_CAPTURE_AUTORELEASING = YES;
				CLANG_WARN_BOOL_CONVERSION = YES;
				CLANG_WARN_COMMA = YES;
				CLANG_WARN_CONSTANT_CONVERSION = YES;
				CLANG_WARN_DEPRECATED_OBJC_IMPLEMENTATIONS = YES;
				CLANG_WARN_DIRECT_OBJC_ISA_USAGE = YES_ERROR;
				CLANG_WARN_DOCUMENTATION_COMMENTS = YES;
				CLANG_WARN_EMPTY_BODY = YES;
				CLANG_WARN_ENUM_CONVERSION = YES;
				CLANG_WARN_INFINITE_RECURSION = YES;
				CLANG_WARN_INT_CONVERSION = YES;
				CLANG_WARN_NON_LITERAL_NULL_CONVERSION = YES;
				CLANG_WARN_OBJC_IMPLICIT_RETAIN_SELF = YES;
				CLANG_WARN_OBJC_LITERAL_CONVERSION = YES;
				CLANG_WARN_OBJC_ROOT_CLASS = YES_ERROR;
				CLANG_WARN_RANGE_LOOP_ANALYSIS = YES;
				CLANG_WARN_STRICT_PROTOTYPES = YES;
				CLANG_WARN_SUSPICIOUS_MOVE = YES;
				CLANG_WARN_UNGUARDED_AVAILABILITY = YES_AGGRESSIVE;
				CLANG_WARN_UNREACHABLE_CODE = YES;
				CLANG_WARN__DUPLICATE_METHOD_MATCH = YES;
				COPY_PHASE_STRIP = NO;
				DEBUG_INFORMATION_FORMAT = "dwarf-with-dsym";
				ENABLE_NS_ASSERTIONS = NO;
				ENABLE_STRICT_OBJC_MSGSEND = YES;
				GCC_C_LANGUAGE_STANDARD = gnu11;
				GCC_NO_COMMON_BLOCKS = YES;
				GCC_WARN_64_TO_32_BIT_CONVERSION = YES;
				GCC_WARN_ABOUT_RETURN_TYPE = YES_ERROR;
				GCC_WARN_UNDECLARED_SELECTOR = YES;
				GCC_WARN_UNINITIALIZED_AUTOS = YES_AGGRESSIVE;
				GCC_WARN_UNUSED_FUNCTION = YES;
				GCC_WARN_UNUSED_VARIABLE = YES;
				IPHONEOS_DEPLOYMENT_TARGET = 13.2;
				MTL_ENABLE_DEBUG_INFO = NO;
				MTL_FAST_MATH = YES;
				SDKROOT = iphoneos;
				SWIFT_COMPILATION_MODE = wholemodule;
				SWIFT_OPTIMIZATION_LEVEL = "-O";
				VALIDATE_PRODUCT = YES;
			};
			name = Release;
		};
		62D6374423DE67C7002989D7 /* Debug */ = {
			isa = XCBuildConfiguration;
			buildSettings = {
				ASSETCATALOG_COMPILER_APPICON_NAME = AppIcon;
				CODE_SIGN_STYLE = Automatic;
				DEVELOPMENT_TEAM = 4F3Z7B359Q;
				INFOPLIST_FILE = "OnTheMap/Supporting Files/Info.plist";
				LD_RUNPATH_SEARCH_PATHS = (
					"$(inherited)",
					"@executable_path/Frameworks",
				);
				PRODUCT_BUNDLE_IDENTIFIER = com.wlad.OnTheMap;
				PRODUCT_NAME = "$(TARGET_NAME)";
				SWIFT_VERSION = 5.0;
				TARGETED_DEVICE_FAMILY = "1,2";
			};
			name = Debug;
		};
		62D6374523DE67C7002989D7 /* Release */ = {
			isa = XCBuildConfiguration;
			buildSettings = {
				ASSETCATALOG_COMPILER_APPICON_NAME = AppIcon;
				CODE_SIGN_STYLE = Automatic;
				DEVELOPMENT_TEAM = 4F3Z7B359Q;
				INFOPLIST_FILE = "OnTheMap/Supporting Files/Info.plist";
				LD_RUNPATH_SEARCH_PATHS = (
					"$(inherited)",
					"@executable_path/Frameworks",
				);
				PRODUCT_BUNDLE_IDENTIFIER = com.wlad.OnTheMap;
				PRODUCT_NAME = "$(TARGET_NAME)";
				SWIFT_VERSION = 5.0;
				TARGETED_DEVICE_FAMILY = "1,2";
			};
			name = Release;
		};
/* End XCBuildConfiguration section */

/* Begin XCConfigurationList section */
		62D6372A23DE67C6002989D7 /* Build configuration list for PBXProject "OnTheMap" */ = {
			isa = XCConfigurationList;
			buildConfigurations = (
				62D6374123DE67C7002989D7 /* Debug */,
				62D6374223DE67C7002989D7 /* Release */,
			);
			defaultConfigurationIsVisible = 0;
			defaultConfigurationName = Release;
		};
		62D6374323DE67C7002989D7 /* Build configuration list for PBXNativeTarget "OnTheMap" */ = {
			isa = XCConfigurationList;
			buildConfigurations = (
				62D6374423DE67C7002989D7 /* Debug */,
				62D6374523DE67C7002989D7 /* Release */,
			);
			defaultConfigurationIsVisible = 0;
			defaultConfigurationName = Release;
		};
/* End XCConfigurationList section */
	};
	rootObject = 62D6372723DE67C6002989D7 /* Project object */;
}
